
Microsoft Visual Studio Solution File, Format Version 12.00
# Visual Studio 14
VisualStudioVersion = 14.0.25420.1
MinimumVisualStudioVersion = 10.0.40219.1
Project("{FAE04EC0-301F-11D3-BF4B-00C04F79EFBC}") = "AirTable.Core", "AirTable.Core\AirTable.Core.csproj", "{8CDD6815-CC51-406D-B483-A343CB35CA3D}"
EndProject
Project("{FAE04EC0-301F-11D3-BF4B-00C04F79EFBC}") = "AirTable.Test", "AirTable.Test\AirTable.Test.csproj", "{2A6E69FA-8E94-466B-99DE-C3CAC2F004A5}"
EndProject
Global
	GlobalSection(SolutionConfigurationPlatforms) = preSolution
		Debug|Any CPU = Debug|Any CPU
		Release|Any CPU = Release|Any CPU
	EndGlobalSection
	GlobalSection(ProjectConfigurationPlatforms) = postSolution
		{8CDD6815-CC51-406D-B483-A343CB35CA3D}.Debug|Any CPU.ActiveCfg = Debug|Any CPU
		{8CDD6815-CC51-406D-B483-A343CB35CA3D}.Debug|Any CPU.Build.0 = Debug|Any CPU
		{8CDD6815-CC51-406D-B483-A343CB35CA3D}.Release|Any CPU.ActiveCfg = Release|Any CPU
		{8CDD6815-CC51-406D-B483-A343CB35CA3D}.Release|Any CPU.Build.0 = Release|Any CPU
		{2A6E69FA-8E94-466B-99DE-C3CAC2F004A5}.Debug|Any CPU.ActiveCfg = Debug|Any CPU
		{2A6E69FA-8E94-466B-99DE-C3CAC2F004A5}.Debug|Any CPU.Build.0 = Debug|Any CPU
		{2A6E69FA-8E94-466B-99DE-C3CAC2F004A5}.Release|Any CPU.ActiveCfg = Release|Any CPU
		{2A6E69FA-8E94-466B-99DE-C3CAC2F004A5}.Release|Any CPU.Build.0 = Release|Any CPU
	EndGlobalSection
	GlobalSection(SolutionProperties) = preSolution
		HideSolutionNode = FALSE
	EndGlobalSection
EndGlobal
